dependencies:
- name: mytardis-web
  repository: ""
  version: '>=0.1.0'
- name: postgresql
  repository: https://charts.bitnami.com/bitnami
  version: 10.3.12
- name: rabbitmq
  repository: https://charts.bitnami.com/bitnami
  version: 8.11.3
digest: sha256:fe16663c7ad30d70030839eda395183fc8de500711171206d5cb4edfedad0fb8
generated: "2021-03-26T07:36:44.948087422+08:00"
