dependencies:
- name: sshd
  repository: ""
  version: '>=0.1.0'
- name: postgresql
  repository: https://charts.bitnami.com/bitnami
  version: 10.3.12
- name: rabbitmq
  repository: https://charts.bitnami.com/bitnami
  version: 8.11.3
digest: sha256:52028193cb848194d5b06a6e1eb325d0b127db8b70f4994c965adb7c441ec334
generated: "2021-04-07T10:03:54.296057629+08:00"
